# This file is automatically @generated by Cargo.
# It is not intended for manual editing.
version = 4

[[package]]
name = "rl-app"
version = "0.1.0"
dependencies = [
 "rl-json",
]

[[package]]
name = "rl-coach"
version = "0.1.0"
dependencies = [
 "rl-json",
]

[[package]]
name = "rl-device"
version = "0.1.0"
dependencies = [
 "rl-json",
]

[[package]]
name = "rl-devserver"
version = "0.1.0"
dependencies = [
 "rl-app",
 "rl-json",
]

[[package]]
name = "rl-domain"
version = "0.1.0"
dependencies = [
 "rl-json",
]

[[package]]
name = "rl-json"
version = "0.1.0"

[[package]]
name = "rl-session"
version = "0.1.0"
dependencies = [
 "rl-json",
]

[[package]]
name = "rl-storage"
version = "0.1.0"
dependencies = [
 "rl-json",
]
